{
    "_readme": [
        "This file locks the dependencies of your project to a known state",
        "Read more about it at https://getcomposer.org/doc/01-basic-usage.md#composer-lock-the-lock-file",
        "This file is @generated automatically"
    ],
    "hash": "c9842934259622c707fe86eeb4ee2b81",
    "content-hash": "4506e5d7c8bfd3ef90da0df02986fc43",
    "packages": [
        {
            "name": "what3words/w3w-php-wrapper",
            "version": "v2.2.0",
            "source": {
                "type": "git",
                "url": "https://github.com/what3words/w3w-php-wrapper.git",
                "reference": "a28aeff1309c8f0c0381ca163b2014f3ddf34049"
            },
            "dist": {
                "type": "zip",
                "url": "https://api.github.com/repos/what3words/w3w-php-wrapper/zipball/a28aeff1309c8f0c0381ca163b2014f3ddf34049",
                "reference": "a28aeff1309c8f0c0381ca163b2014f3ddf34049",
                "shasum": ""
            },
            "require": {
                "php": ">=5.4"
            },
            "require-dev": {
                "phpunit/phpunit": "^5.3"
            },
            "type": "library",
            "extra": {
                "thanks": "Thanks from all of us at index.home.raft for using what3words"
            },
            "autoload": {
                "psr-4": {
                    "What3words\\Geocoder\\": "src"
                }
            },
            "notification-url": "https://packagist.org/downloads/",
            "license": [
                "MIT"
            ],
            "authors": [
                {
                    "name": "what3words",
                    "email": "support@what3words.com"
                },
                {
                    "name": "Gary Gale",
                    "email": "gary@what3words.com",
                    "homepage": "http://www.garygale.com"
                }
            ],
            "description": "A PHP library to use the what3words RESTful API",
            "homepage": "https://github.com/what3words/w3w-php-wrapper",
            "keywords": [
                "3 word address",
                "geocoding",
                "what3words"
            ],
            "time": "2017-05-22 16:17:41"
        }
    ],
    "packages-dev": [],
    "aliases": [],
    "minimum-stability": "stable",
    "stability-flags": [],
    "prefer-stable": false,
    "prefer-lowest": false,
    "platform": [],
    "platform-dev": []
}
